
Microsoft Visual Studio Solution File, Format Version 12.00
# Visual Studio Version 17
VisualStudioVersion = 17.9.34701.34
MinimumVisualStudioVersion = 10.0.40219.1
Project("{FAE04EC0-301F-11D3-BF4B-00C04F79EFBC}") = "PRACTICE", "PRACTICE\PRACTICE.csproj", "{73CDEECE-576F-4B38-97E5-AA091C73B393}"
EndProject
Global
	GlobalSection(SolutionConfigurationPlatforms) = preSolution
		Debug|Any CPU = Debug|Any CPU
		Release|Any CPU = Release|Any CPU
	EndGlobalSection
	GlobalSection(ProjectConfigurationPlatforms) = postSolution
		{73CDEECE-576F-4B38-97E5-AA091C73B393}.Debug|Any CPU.ActiveCfg = Debug|Any CPU
		{73CDEECE-576F-4B38-97E5-AA091C73B393}.Debug|Any CPU.Build.0 = Debug|Any CPU
		{73CDEECE-576F-4B38-97E5-AA091C73B393}.Release|Any CPU.ActiveCfg = Release|Any CPU
		{73CDEECE-576F-4B38-97E5-AA091C73B393}.Release|Any CPU.Build.0 = Release|Any CPU
	EndGlobalSection
	GlobalSection(SolutionProperties) = preSolution
		HideSolutionNode = FALSE
	EndGlobalSection
	GlobalSection(ExtensibilityGlobals) = postSolution
		SolutionGuid = {E7E540DD-24DA-4541-9AD2-515814A2A72E}
	EndGlobalSection
EndGlobal
